
Microsoft Visual Studio Solution File, Format Version 12.00
# Visual Studio Version 17
VisualStudioVersion = 17.3.32929.385
MinimumVisualStudioVersion = 10.0.40219.1
Project("{9A19103F-16F7-4668-BE54-9A1E7A4F7556}") = "Demo.API", "Deome01\Demo.API.csproj", "{E88FFFD9-579D-4CE8-A347-D211CACA3D96}"
EndProject
Project("{9A19103F-16F7-4668-BE54-9A1E7A4F7556}") = "Demo.DataBase", "Demo.DataBase\Demo.DataBase.csproj", "{BB2187D8-8533-4B68-AF59-56472847FBCD}"
EndProject
Project("{9A19103F-16F7-4668-BE54-9A1E7A4F7556}") = "Demo.Application", "Demo.Application\Demo.Application.csproj", "{73048BB4-5362-47F4-AFE9-777744D43677}"
EndProject
Project("{9A19103F-16F7-4668-BE54-9A1E7A4F7556}") = "Deme.Unitities", "Deme.Unitities\Deme.Unitities.csproj", "{495F03C2-E1A6-4D37-A4EC-9A823A4678E7}"
EndProject
Project("{9A19103F-16F7-4668-BE54-9A1E7A4F7556}") = "Demo.ViewMode", "Demo.ViewMode\Demo.ViewMode.csproj", "{3F7A0BB9-DFC5-43E8-BD3C-35D87EDF2FC2}"
EndProject
Project("{2150E333-8FDC-42A3-9474-1A3956D46DE8}") = "1. Infrastructure", "1. Infrastructure", "{31A5F09B-F283-440D-BD53-6BE057155860}"
EndProject
Project("{2150E333-8FDC-42A3-9474-1A3956D46DE8}") = "2. Domain", "2. Domain", "{0EE07C9D-6471-4039-B1E0-610A42A7A897}"
EndProject
Project("{2150E333-8FDC-42A3-9474-1A3956D46DE8}") = "3. Hosts", "3. Hosts", "{6EE8EE26-F2A4-421E-9EF8-7A6945923AFD}"
EndProject
Global
	GlobalSection(SolutionConfigurationPlatforms) = preSolution
		Debug|Any CPU = Debug|Any CPU
		Release|Any CPU = Release|Any CPU
	EndGlobalSection
	GlobalSection(ProjectConfigurationPlatforms) = postSolution
		{E88FFFD9-579D-4CE8-A347-D211CACA3D96}.Debug|Any CPU.ActiveCfg = Debug|Any CPU
		{E88FFFD9-579D-4CE8-A347-D211CACA3D96}.Debug|Any CPU.Build.0 = Debug|Any CPU
		{E88FFFD9-579D-4CE8-A347-D211CACA3D96}.Release|Any CPU.ActiveCfg = Release|Any CPU
		{E88FFFD9-579D-4CE8-A347-D211CACA3D96}.Release|Any CPU.Build.0 = Release|Any CPU
		{BB2187D8-8533-4B68-AF59-56472847FBCD}.Debug|Any CPU.ActiveCfg = Debug|Any CPU
		{BB2187D8-8533-4B68-AF59-56472847FBCD}.Debug|Any CPU.Build.0 = Debug|Any CPU
		{BB2187D8-8533-4B68-AF59-56472847FBCD}.Release|Any CPU.ActiveCfg = Release|Any CPU
		{BB2187D8-8533-4B68-AF59-56472847FBCD}.Release|Any CPU.Build.0 = Release|Any CPU
		{73048BB4-5362-47F4-AFE9-777744D43677}.Debug|Any CPU.ActiveCfg = Debug|Any CPU
		{73048BB4-5362-47F4-AFE9-777744D43677}.Debug|Any CPU.Build.0 = Debug|Any CPU
		{73048BB4-5362-47F4-AFE9-777744D43677}.Release|Any CPU.ActiveCfg = Release|Any CPU
		{73048BB4-5362-47F4-AFE9-777744D43677}.Release|Any CPU.Build.0 = Release|Any CPU
		{495F03C2-E1A6-4D37-A4EC-9A823A4678E7}.Debug|Any CPU.ActiveCfg = Debug|Any CPU
		{495F03C2-E1A6-4D37-A4EC-9A823A4678E7}.Debug|Any CPU.Build.0 = Debug|Any CPU
		{495F03C2-E1A6-4D37-A4EC-9A823A4678E7}.Release|Any CPU.ActiveCfg = Release|Any CPU
		{495F03C2-E1A6-4D37-A4EC-9A823A4678E7}.Release|Any CPU.Build.0 = Release|Any CPU
		{3F7A0BB9-DFC5-43E8-BD3C-35D87EDF2FC2}.Debug|Any CPU.ActiveCfg = Debug|Any CPU
		{3F7A0BB9-DFC5-43E8-BD3C-35D87EDF2FC2}.Debug|Any CPU.Build.0 = Debug|Any CPU
		{3F7A0BB9-DFC5-43E8-BD3C-35D87EDF2FC2}.Release|Any CPU.ActiveCfg = Release|Any CPU
		{3F7A0BB9-DFC5-43E8-BD3C-35D87EDF2FC2}.Release|Any CPU.Build.0 = Release|Any CPU
	EndGlobalSection
	GlobalSection(SolutionProperties) = preSolution
		HideSolutionNode = FALSE
	EndGlobalSection
	GlobalSection(NestedProjects) = preSolution
		{E88FFFD9-579D-4CE8-A347-D211CACA3D96} = {6EE8EE26-F2A4-421E-9EF8-7A6945923AFD}
		{BB2187D8-8533-4B68-AF59-56472847FBCD} = {0EE07C9D-6471-4039-B1E0-610A42A7A897}
		{73048BB4-5362-47F4-AFE9-777744D43677} = {0EE07C9D-6471-4039-B1E0-610A42A7A897}
		{495F03C2-E1A6-4D37-A4EC-9A823A4678E7} = {31A5F09B-F283-440D-BD53-6BE057155860}
		{3F7A0BB9-DFC5-43E8-BD3C-35D87EDF2FC2} = {31A5F09B-F283-440D-BD53-6BE057155860}
	EndGlobalSection
	GlobalSection(ExtensibilityGlobals) = postSolution
		SolutionGuid = {89041923-CB5B-4343-A66C-41FFDAD88620}
	EndGlobalSection
EndGlobal
